// !$*UTF8*$!
{
	archiveVersion = 1;
	classes = {
	};
	objectVersion = 48;
	objects = {

/* Begin PBXBuildFile section */
		20196FCC204418A5004C9A8B /* EnquiriesViewController.swift in Sources */ = {isa = PBXBuildFile; fileRef = 20196FCB204418A5004C9A8B /* EnquiriesViewController.swift */; };
		20196FCE2044195B004C9A8B /* Enquiry.swift in Sources */ = {isa = PBXBuildFile; fileRef = 20196FCD2044195B004C9A8B /* Enquiry.swift */; };
		20196FD020442E84004C9A8B /* EnquiryViewController.swift in Sources */ = {isa = PBXBuildFile; fileRef = 20196FCF20442E83004C9A8B /* EnquiryViewController.swift */; };
		201DB5561FEA6A170080C845 /* BookingTableViewCell.swift in Sources */ = {isa = PBXBuildFile; fileRef = 201DB5551FEA6A170080C845 /* BookingTableViewCell.swift */; };
		201DB5581FEA74B40080C845 /* BookingViewController.swift in Sources */ = {isa = PBXBuildFile; fileRef = 201DB5571FEA74B40080C845 /* BookingViewController.swift */; };
		205F53BB1FE978CE0054FCBC /* BookingsViewController.swift in Sources */ = {isa = PBXBuildFile; fileRef = 205F53BA1FE978CE0054FCBC /* BookingsViewController.swift */; };
		206A3A481FEC325D00BDFE96 /* Config.swift in Sources */ = {isa = PBXBuildFile; fileRef = 206A3A471FEC325D00BDFE96 /* Config.swift */; };
		207681DB1FE94175006ACFC3 /* AppDelegate.swift in Sources */ = {isa = PBXBuildFile; fileRef = 207681DA1FE94175006ACFC3 /* AppDelegate.swift */; };
		207681E01FE94175006ACFC3 /* Main.storyboard in Resources */ = {isa = PBXBuildFile; fileRef = 207681DE1FE94175006ACFC3 /* Main.storyboard */; };
		207681E21FE94175006ACFC3 /* Assets.xcassets in Resources */ = {isa = PBXBuildFile; fileRef = 207681E11FE94175006ACFC3 /* Assets.xcassets */; };
		207681E51FE94175006ACFC3 /* LaunchScreen.storyboard in Resources */ = {isa = PBXBuildFile; fileRef = 207681E31FE94175006ACFC3 /* LaunchScreen.storyboard */; };
		207681ED1FE94190006ACFC3 /* Booking.swift in Sources */ = {isa = PBXBuildFile; fileRef = 207681EC1FE94190006ACFC3 /* Booking.swift */; };
		207681EF1FE941C2006ACFC3 /* Order.swift in Sources */ = {isa = PBXBuildFile; fileRef = 207681EE1FE941C2006ACFC3 /* Order.swift */; };
		207681F11FE941EC006ACFC3 /* LineItem.swift in Sources */ = {isa = PBXBuildFile; fileRef = 207681F01FE941EC006ACFC3 /* LineItem.swift */; };
		207681F31FE94209006ACFC3 /* Helpers.swift in Sources */ = {isa = PBXBuildFile; fileRef = 207681F21FE94209006ACFC3 /* Helpers.swift */; };
		207681F51FE94253006ACFC3 /* Delegate.swift in Sources */ = {isa = PBXBuildFile; fileRef = 207681F41FE94253006ACFC3 /* Delegate.swift */; };
		207681F71FE94286006ACFC3 /* BackendController.swift in Sources */ = {isa = PBXBuildFile; fileRef = 207681F61FE94286006ACFC3 /* BackendController.swift */; };
		207797B11FEBC974001CE80A /* OrderViewController.swift in Sources */ = {isa = PBXBuildFile; fileRef = 207797B01FEBC973001CE80A /* OrderViewController.swift */; };
		207797B31FEBDD7A001CE80A /* LineItemTableViewCell.swift in Sources */ = {isa = PBXBuildFile; fileRef = 207797B21FEBDD7A001CE80A /* LineItemTableViewCell.swift */; };
		20B94EA622F4BEF40018753F /* CryptoSwift.framework in Embed Frameworks */ = {isa = PBXBuildFile; fileRef = 20CB8BBF22F4B43E0032A719 /* CryptoSwift.framework */; settings = {ATTRIBUTES = (CodeSignOnCopy, RemoveHeadersOnCopy, ); }; };
		20CB8BD022F4BB450032A719 /* CryptoSwift.framework in Frameworks */ = {isa = PBXBuildFile; fileRef = 20CB8BBF22F4B43E0032A719 /* CryptoSwift.framework */; };
		ACB2EACD2A5EB14B0066257A /* MetricsViewController.swift in Sources */ = {isa = PBXBuildFile; fileRef = ACB2EACC2A5EB14B0066257A /* MetricsViewController.swift */; };
		ACB2EAD32A5ED3580066257A /* Metrics.swift in Sources */ = {isa = PBXBuildFile; fileRef = ACB2EAD22A5ED3580066257A /* Metrics.swift */; };
/* End PBXBuildFile section */

/* Begin PBXContainerItemProxy section */
		20B94EA722F4BEF40018753F /* PBXContainerItemProxy */ = {
			isa = PBXContainerItemProxy;
			containerPortal = 20CB8BB622F4B43E0032A719 /* CryptoSwift.xcodeproj */;
			proxyType = 1;
			remoteGlobalIDString = 754BE45419693E190098E6F3;
			remoteInfo = CryptoSwift;
		};
		20CB8BBE22F4B43E0032A719 /* PBXContainerItemProxy */ = {
			isa = PBXContainerItemProxy;
			containerPortal = 20CB8BB622F4B43E0032A719 /* CryptoSwift.xcodeproj */;
			proxyType = 2;
			remoteGlobalIDString = 754BE45519693E190098E6F3;
			remoteInfo = CryptoSwift;
		};
		20CB8BC022F4B43E0032A719 /* PBXContainerItemProxy */ = {
			isa = PBXContainerItemProxy;
			containerPortal = 20CB8BB622F4B43E0032A719 /* CryptoSwift.xcodeproj */;
			proxyType = 2;
			remoteGlobalIDString = 75211F92207249D8004E41F8;
			remoteInfo = "CryptoSwift-TestHostApp";
		};
		20CB8BC222F4B43E0032A719 /* PBXContainerItemProxy */ = {
			isa = PBXContainerItemProxy;
			containerPortal = 20CB8BB622F4B43E0032A719 /* CryptoSwift.xcodeproj */;
			proxyType = 2;
			remoteGlobalIDString = 754BE46019693E190098E6F3;
			remoteInfo = Tests;
		};
		20CB8BC422F4B43E0032A719 /* PBXContainerItemProxy */ = {
			isa = PBXContainerItemProxy;
			containerPortal = 20CB8BB622F4B43E0032A719 /* CryptoSwift.xcodeproj */;
			proxyType = 2;
			remoteGlobalIDString = 7595C14A2072E48C00EA1A5F;
			remoteInfo = "TestsPerformance-Mac";
		};
		20CB8BC622F4B43E0032A719 /* PBXContainerItemProxy */ = {
			isa = PBXContainerItemProxy;
			containerPortal = 20CB8BB622F4B43E0032A719 /* CryptoSwift.xcodeproj */;
			proxyType = 2;
			remoteGlobalIDString = 7564F0602072EAEB00CA5A96;
			remoteInfo = "TestsPerformance-iOS";
		};
		20CB8BD122F4BB4C0032A719 /* PBXContainerItemProxy */ = {
			isa = PBXContainerItemProxy;
			containerPortal = 20CB8BB622F4B43E0032A719 /* CryptoSwift.xcodeproj */;
			proxyType = 1;
			remoteGlobalIDString = 754BE45419693E190098E6F3;
			remoteInfo = CryptoSwift;
		};
/* End PBXContainerItemProxy section */

/* Begin PBXCopyFilesBuildPhase section */
		20B94EA922F4BEF40018753F /* Embed Frameworks */ = {
			isa = PBXCopyFilesBuildPhase;
			buildActionMask = 2147483647;
			dstPath = "";
			dstSubfolderSpec = 10;
			files = (
				20B94EA622F4BEF40018753F /* CryptoSwift.framework in Embed Frameworks */,
			);
			name = "Embed Frameworks";
			runOnlyForDeploymentPostprocessing = 0;
		};
/* End PBXCopyFilesBuildPhase section */

/* Begin PBXFileReference section */
		20196FCB204418A5004C9A8B /* EnquiriesViewController.swift */ = {isa = PBXFileReference; lastKnownFileType = sourcecode.swift; path = EnquiriesViewController.swift; sourceTree = "<group>"; };
		20196FCD2044195B004C9A8B /* Enquiry.swift */ = {isa = PBXFileReference; lastKnownFileType = sourcecode.swift; path = Enquiry.swift; sourceTree = "<group>"; };
		20196FCF20442E83004C9A8B /* EnquiryViewController.swift */ = {isa = PBXFileReference; lastKnownFileType = sourcecode.swift; path = EnquiryViewController.swift; sourceTree = "<group>"; };
		201DB5551FEA6A170080C845 /* BookingTableViewCell.swift */ = {isa = PBXFileReference; lastKnownFileType = sourcecode.swift; path = BookingTableViewCell.swift; sourceTree = "<group>"; };
		201DB5571FEA74B40080C845 /* BookingViewController.swift */ = {isa = PBXFileReference; lastKnownFileType = sourcecode.swift; path = BookingViewController.swift; sourceTree = "<group>"; };
		205F53BA1FE978CE0054FCBC /* BookingsViewController.swift */ = {isa = PBXFileReference; lastKnownFileType = sourcecode.swift; path = BookingsViewController.swift; sourceTree = "<group>"; };
		206A3A471FEC325D00BDFE96 /* Config.swift */ = {isa = PBXFileReference; lastKnownFileType = sourcecode.swift; path = Config.swift; sourceTree = "<group>"; };
		207681D71FE94175006ACFC3 /* Skillsgen.app */ = {isa = PBXFileReference; explicitFileType = wrapper.application; includeInIndex = 0; path = Skillsgen.app; sourceTree = BUILT_PRODUCTS_DIR; };
		207681DA1FE94175006ACFC3 /* AppDelegate.swift */ = {isa = PBXFileReference; lastKnownFileType = sourcecode.swift; path = AppDelegate.swift; sourceTree = "<group>"; };
		207681DF1FE94175006ACFC3 /* Base */ = {isa = PBXFileReference; lastKnownFileType = file.storyboard; name = Base; path = Base.lproj/Main.storyboard; sourceTree = "<group>"; };
		207681E11FE94175006ACFC3 /* Assets.xcassets */ = {isa = PBXFileReference; lastKnownFileType = folder.assetcatalog; path = Assets.xcassets; sourceTree = "<group>"; };
		207681E41FE94175006ACFC3 /* Base */ = {isa = PBXFileReference; lastKnownFileType = file.storyboard; name = Base; path = Base.lproj/LaunchScreen.storyboard; sourceTree = "<group>"; };
		207681E61FE94175006ACFC3 /* Info.plist */ = {isa = PBXFileReference; lastKnownFileType = text.plist.xml; path = Info.plist; sourceTree = "<group>"; };
		207681EC1FE94190006ACFC3 /* Booking.swift */ = {isa = PBXFileReference; lastKnownFileType = sourcecode.swift; path = Booking.swift; sourceTree = "<group>"; };
		207681EE1FE941C2006ACFC3 /* Order.swift */ = {isa = PBXFileReference; lastKnownFileType = sourcecode.swift; path = Order.swift; sourceTree = "<group>"; };
		207681F01FE941EC006ACFC3 /* LineItem.swift */ = {isa = PBXFileReference; lastKnownFileType = sourcecode.swift; path = LineItem.swift; sourceTree = "<group>"; };
		207681F21FE94209006ACFC3 /* Helpers.swift */ = {isa = PBXFileReference; lastKnownFileType = sourcecode.swift; path = Helpers.swift; sourceTree = "<group>"; };
		207681F41FE94253006ACFC3 /* Delegate.swift */ = {isa = PBXFileReference; lastKnownFileType = sourcecode.swift; path = Delegate.swift; sourceTree = "<group>"; };
		207681F61FE94286006ACFC3 /* BackendController.swift */ = {isa = PBXFileReference; lastKnownFileType = sourcecode.swift; path = BackendController.swift; sourceTree = "<group>"; };
		207797B01FEBC973001CE80A /* OrderViewController.swift */ = {isa = PBXFileReference; lastKnownFileType = sourcecode.swift; path = OrderViewController.swift; sourceTree = "<group>"; };
		207797B21FEBDD7A001CE80A /* LineItemTableViewCell.swift */ = {isa = PBXFileReference; lastKnownFileType = sourcecode.swift; path = LineItemTableViewCell.swift; sourceTree = "<group>"; };
		20CB8BB622F4B43E0032A719 /* CryptoSwift.xcodeproj */ = {isa = PBXFileReference; lastKnownFileType = "wrapper.pb-project"; name = CryptoSwift.xcodeproj; path = CryptoSwift/CryptoSwift.xcodeproj; sourceTree = "<group>"; };
		ACB2EACC2A5EB14B0066257A /* MetricsViewController.swift */ = {isa = PBXFileReference; lastKnownFileType = sourcecode.swift; path = MetricsViewController.swift; sourceTree = "<group>"; };
		ACB2EAD22A5ED3580066257A /* Metrics.swift */ = {isa = PBXFileReference; lastKnownFileType = sourcecode.swift; path = Metrics.swift; sourceTree = "<group>"; };
/* End PBXFileReference section */

/* Begin PBXFrameworksBuildPhase section */
		207681D41FE94175006ACFC3 /* Frameworks */ = {
			isa = PBXFrameworksBuildPhase;
			buildActionMask = 2147483647;
			files = (
				20CB8BD022F4BB450032A719 /* CryptoSwift.framework in Frameworks */,
			);
			runOnlyForDeploymentPostprocessing = 0;
		};
/* End PBXFrameworksBuildPhase section */

/* Begin PBXGroup section */
		207681CE1FE94175006ACFC3 = {
			isa = PBXGroup;
			children = (
				20CB8BB622F4B43E0032A719 /* CryptoSwift.xcodeproj */,
				207681D91FE94175006ACFC3 /* Skillsgen */,
				207681D81FE94175006ACFC3 /* Products */,
				20CB8BC922F4B4A50032A719 /* Frameworks */,
			);
			sourceTree = "<group>";
		};
		207681D81FE94175006ACFC3 /* Products */ = {
			isa = PBXGroup;
			children = (
				207681D71FE94175006ACFC3 /* Skillsgen.app */,
			);
			name = Products;
			sourceTree = "<group>";
		};
		207681D91FE94175006ACFC3 /* Skillsgen */ = {
			isa = PBXGroup;
			children = (
				207681DA1FE94175006ACFC3 /* AppDelegate.swift */,
				206A3A471FEC325D00BDFE96 /* Config.swift */,
				207681F81FE9433F006ACFC3 /* Types */,
				207681F21FE94209006ACFC3 /* Helpers.swift */,
				207681F61FE94286006ACFC3 /* BackendController.swift */,
				207681DE1FE94175006ACFC3 /* Main.storyboard */,
				205F53BA1FE978CE0054FCBC /* BookingsViewController.swift */,
				201DB5571FEA74B40080C845 /* BookingViewController.swift */,
				201DB5551FEA6A170080C845 /* BookingTableViewCell.swift */,
				ACB2EACC2A5EB14B0066257A /* MetricsViewController.swift */,
				207797B01FEBC973001CE80A /* OrderViewController.swift */,
				207797B21FEBDD7A001CE80A /* LineItemTableViewCell.swift */,
				20196FCB204418A5004C9A8B /* EnquiriesViewController.swift */,
				20196FCF20442E83004C9A8B /* EnquiryViewController.swift */,
				207681E11FE94175006ACFC3 /* Assets.xcassets */,
				207681E31FE94175006ACFC3 /* LaunchScreen.storyboard */,
				207681E61FE94175006ACFC3 /* Info.plist */,
			);
			path = Skillsgen;
			sourceTree = "<group>";
		};
		207681F81FE9433F006ACFC3 /* Types */ = {
			isa = PBXGroup;
			children = (
				207681EC1FE94190006ACFC3 /* Booking.swift */,
				207681EE1FE941C2006ACFC3 /* Order.swift */,
				ACB2EAD22A5ED3580066257A /* Metrics.swift */,
				207681F01FE941EC006ACFC3 /* LineItem.swift */,
				207681F41FE94253006ACFC3 /* Delegate.swift */,
				20196FCD2044195B004C9A8B /* Enquiry.swift */,
			);
			path = Types;
			sourceTree = "<group>";
		};
		20CB8BB722F4B43E0032A719 /* Products */ = {
			isa = PBXGroup;
			children = (
				20CB8BBF22F4B43E0032A719 /* CryptoSwift.framework */,
				20CB8BC122F4B43E0032A719 /* CryptoSwift-TestHostApp.app */,
				20CB8BC322F4B43E0032A719 /* Tests.xctest */,
				20CB8BC522F4B43E0032A719 /* TestsPerformance-Mac.xctest */,
				20CB8BC722F4B43E0032A719 /* TestsPerformance-iOS.xctest */,
			);
			name = Products;
			sourceTree = "<group>";
		};
		20CB8BC922F4B4A50032A719 /* Frameworks */ = {
			isa = PBXGroup;
			children = (
			);
			name = Frameworks;
			sourceTree = "<group>";
		};
/* End PBXGroup section */

/* Begin PBXNativeTarget section */
		207681D61FE94175006ACFC3 /* Skillsgen */ = {
			isa = PBXNativeTarget;
			buildConfigurationList = 207681E91FE94175006ACFC3 /* Build configuration list for PBXNativeTarget "Skillsgen" */;
			buildPhases = (
				207681D31FE94175006ACFC3 /* Sources */,
				207681D41FE94175006ACFC3 /* Frameworks */,
				207681D51FE94175006ACFC3 /* Resources */,
				20B94EA922F4BEF40018753F /* Embed Frameworks */,
			);
			buildRules = (
			);
			dependencies = (
				20CB8BD222F4BB4C0032A719 /* PBXTargetDependency */,
				20B94EA822F4BEF40018753F /* PBXTargetDependency */,
			);
			name = Skillsgen;
			productName = Skillsgen;
			productReference = 207681D71FE94175006ACFC3 /* Skillsgen.app */;
			productType = "com.apple.product-type.application";
		};
/* End PBXNativeTarget section */

/* Begin PBXProject section */
		207681CF1FE94175006ACFC3 /* Project object */ = {
			isa = PBXProject;
			attributes = {
				LastSwiftUpdateCheck = 0920;
				LastUpgradeCheck = 1200;
				ORGANIZATIONNAME = "Sebastian Reinolds";
				TargetAttributes = {
					207681D61FE94175006ACFC3 = {
						CreatedOnToolsVersion = 9.2;
						LastSwiftMigration = 1030;
						ProvisioningStyle = Automatic;
					};
				};
			};
			buildConfigurationList = 207681D21FE94175006ACFC3 /* Build configuration list for PBXProject "Skillsgen" */;
			compatibilityVersion = "Xcode 8.0";
			developmentRegion = en;
			hasScannedForEncodings = 0;
			knownRegions = (
				en,
				Base,
			);
			mainGroup = 207681CE1FE94175006ACFC3;
			productRefGroup = 207681D81FE94175006ACFC3 /* Products */;
			projectDirPath = "";
			projectReferences = (
				{
					ProductGroup = 20CB8BB722F4B43E0032A719 /* Products */;
					ProjectRef = 20CB8BB622F4B43E0032A719 /* CryptoSwift.xcodeproj */;
				},
			);
			projectRoot = "";
			targets = (
				207681D61FE94175006ACFC3 /* Skillsgen */,
			);
		};
/* End PBXProject section */

/* Begin PBXReferenceProxy section */
		20CB8BBF22F4B43E0032A719 /* CryptoSwift.framework */ = {
			isa = PBXReferenceProxy;
			fileType = wrapper.framework;
			path = CryptoSwift.framework;
			remoteRef = 20CB8BBE22F4B43E0032A719 /* PBXContainerItemProxy */;
			sourceTree = BUILT_PRODUCTS_DIR;
		};
		20CB8BC122F4B43E0032A719 /* CryptoSwift-TestHostApp.app */ = {
			isa = PBXReferenceProxy;
			fileType = wrapper.application;
			path = "CryptoSwift-TestHostApp.app";
			remoteRef = 20CB8BC022F4B43E0032A719 /* PBXContainerItemProxy */;
			sourceTree = BUILT_PRODUCTS_DIR;
		};
		20CB8BC322F4B43E0032A719 /* Tests.xctest */ = {
			isa = PBXReferenceProxy;
			fileType = wrapper.cfbundle;
			path = Tests.xctest;
			remoteRef = 20CB8BC222F4B43E0032A719 /* PBXContainerItemProxy */;
			sourceTree = BUILT_PRODUCTS_DIR;
		};
		20CB8BC522F4B43E0032A719 /* TestsPerformance-Mac.xctest */ = {
			isa = PBXReferenceProxy;
			fileType = wrapper.cfbundle;
			path = "TestsPerformance-Mac.xctest";
			remoteRef = 20CB8BC422F4B43E0032A719 /* PBXContainerItemProxy */;
			sourceTree = BUILT_PRODUCTS_DIR;
		};
		20CB8BC722F4B43E0032A719 /* TestsPerformance-iOS.xctest */ = {
			isa = PBXReferenceProxy;
			fileType = wrapper.cfbundle;
			path = "TestsPerformance-iOS.xctest";
			remoteRef = 20CB8BC622F4B43E0032A719 /* PBXContainerItemProxy */;
			sourceTree = BUILT_PRODUCTS_DIR;
		};
/* End PBXReferenceProxy section */

/* Begin PBXResourcesBuildPhase section */
		207681D51FE94175006ACFC3 /* Resources */ = {
			isa = PBXResourcesBuildPhase;
			buildActionMask = 2147483647;
			files = (
				207681E51FE94175006ACFC3 /* LaunchScreen.storyboard in Resources */,
				207681E21FE94175006ACFC3 /* Assets.xcassets in Resources */,
				207681E01FE94175006ACFC3 /* Main.storyboard in Resources */,
			);
			runOnlyForDeploymentPostprocessing = 0;
		};
/* End PBXResourcesBuildPhase section */

/* Begin PBXSourcesBuildPhase section */
		207681D31FE94175006ACFC3 /* Sources */ = {
			isa = PBXSourcesBuildPhase;
			buildActionMask = 2147483647;
			files = (
				207681F31FE94209006ACFC3 /* Helpers.swift in Sources */,
				207681F11FE941EC006ACFC3 /* LineItem.swift in Sources */,
				20196FD020442E84004C9A8B /* EnquiryViewController.swift in Sources */,
				207681F51FE94253006ACFC3 /* Delegate.swift in Sources */,
				207681ED1FE94190006ACFC3 /* Booking.swift in Sources */,
				207797B31FEBDD7A001CE80A /* LineItemTableViewCell.swift in Sources */,
				207681EF1FE941C2006ACFC3 /* Order.swift in Sources */,
				206A3A481FEC325D00BDFE96 /* Config.swift in Sources */,
				20196FCE2044195B004C9A8B /* Enquiry.swift in Sources */,
				205F53BB1FE978CE0054FCBC /* BookingsViewController.swift in Sources */,
				207681F71FE94286006ACFC3 /* BackendController.swift in Sources */,
				207681DB1FE94175006ACFC3 /* AppDelegate.swift in Sources */,
				201DB5581FEA74B40080C845 /* BookingViewController.swift in Sources */,
				ACB2EAD32A5ED3580066257A /* Metrics.swift in Sources */,
				207797B11FEBC974001CE80A /* OrderViewController.swift in Sources */,
				20196FCC204418A5004C9A8B /* EnquiriesViewController.swift in Sources */,
				201DB5561FEA6A170080C845 /* BookingTableViewCell.swift in Sources */,
				ACB2EACD2A5EB14B0066257A /* MetricsViewController.swift in Sources */,
			);
			runOnlyForDeploymentPostprocessing = 0;
		};
/* End PBXSourcesBuildPhase section */

/* Begin PBXTargetDependency section */
		20B94EA822F4BEF40018753F /* PBXTargetDependency */ = {
			isa = PBXTargetDependency;
			name = CryptoSwift;
			targetProxy = 20B94EA722F4BEF40018753F /* PBXContainerItemProxy */;
		};
		20CB8BD222F4BB4C0032A719 /* PBXTargetDependency */ = {
			isa = PBXTargetDependency;
			name = CryptoSwift;
			targetProxy = 20CB8BD122F4BB4C0032A719 /* PBXContainerItemProxy */;
		};
/* End PBXTargetDependency section */

/* Begin PBXVariantGroup section */
		207681DE1FE94175006ACFC3 /* Main.storyboard */ = {
			isa = PBXVariantGroup;
			children = (
				207681DF1FE94175006ACFC3 /* Base */,
			);
			name = Main.storyboard;
			sourceTree = "<group>";
		};
		207681E31FE94175006ACFC3 /* LaunchScreen.storyboard */ = {
			isa = PBXVariantGroup;
			children = (
				207681E41FE94175006ACFC3 /* Base */,
			);
			name = LaunchScreen.storyboard;
			sourceTree = "<group>";
		};
/* End PBXVariantGroup section */

/* Begin XCBuildConfiguration section */
		207681E71FE94175006ACFC3 /* Debug */ = {
			isa = XCBuildConfiguration;
			buildSettings = {
				ALWAYS_SEARCH_USER_PATHS = NO;
				CLANG_ANALYZER_NONNULL = YES;
				CLANG_ANALYZER_NUMBER_OBJECT_CONVERSION = YES_AGGRESSIVE;
				CLANG_CXX_LANGUAGE_STANDARD = "gnu++14";
				CLANG_CXX_LIBRARY = "libc++";
				CLANG_ENABLE_MODULES = YES;
				CLANG_ENABLE_OBJC_ARC = YES;
				CLANG_WARN_BLOCK_CAPTURE_AUTORELEASING = YES;
				CLANG_WARN_BOOL_CONVERSION = YES;
				CLANG_WARN_COMMA = YES;
				CLANG_WARN_CONSTANT_CONVERSION = YES;
				CLANG_WARN_DEPRECATED_OBJC_IMPLEMENTATIONS = YES;
				CLANG_WARN_DIRECT_OBJC_ISA_USAGE = YES_ERROR;
				CLANG_WARN_DOCUMENTATION_COMMENTS = YES;
				CLANG_WARN_EMPTY_BODY = YES;
				CLANG_WARN_ENUM_CONVERSION = YES;
				CLANG_WARN_INFINITE_RECURSION = YES;
				CLANG_WARN_INT_CONVERSION = YES;
				CLANG_WARN_NON_LITERAL_NULL_CONVERSION = YES;
				CLANG_WARN_OBJC_IMPLICIT_RETAIN_SELF = YES;
				CLANG_WARN_OBJC_LITERAL_CONVERSION = YES;
				CLANG_WARN_OBJC_ROOT_CLASS = YES_ERROR;
				CLANG_WARN_QUOTED_INCLUDE_IN_FRAMEWORK_HEADER = YES;
				CLANG_WARN_RANGE_LOOP_ANALYSIS = YES;
				CLANG_WARN_STRICT_PROTOTYPES = YES;
				CLANG_WARN_SUSPICIOUS_MOVE = YES;
				CLANG_WARN_UNGUARDED_AVAILABILITY = YES_AGGRESSIVE;
				CLANG_WARN_UNREACHABLE_CODE = YES;
				CLANG_WARN__DUPLICATE_METHOD_MATCH = YES;
				CODE_SIGN_IDENTITY = "iPhone Developer";
				COPY_PHASE_STRIP = NO;
				DEBUG_INFORMATION_FORMAT = dwarf;
				ENABLE_STRICT_OBJC_MSGSEND = YES;
				ENABLE_TESTABILITY = YES;
				GCC_C_LANGUAGE_STANDARD = gnu11;
				GCC_DYNAMIC_NO_PIC = NO;
				GCC_NO_COMMON_BLOCKS = YES;
				GCC_OPTIMIZATION_LEVEL = 0;
				GCC_PREPROCESSOR_DEFINITIONS = (
					"DEBUG=1",
					"$(inherited)",
				);
				GCC_WARN_64_TO_32_BIT_CONVERSION = YES;
				GCC_WARN_ABOUT_RETURN_TYPE = YES_ERROR;
				GCC_WARN_UNDECLARED_SELECTOR = YES;
				GCC_WARN_UNINITIALIZED_AUTOS = YES_AGGRESSIVE;
				GCC_WARN_UNUSED_FUNCTION = YES;
				GCC_WARN_UNUSED_VARIABLE = YES;
				IPHONEOS_DEPLOYMENT_TARGET = 12.0;
				MTL_ENABLE_DEBUG_INFO = YES;
				ONLY_ACTIVE_ARCH = YES;
				SDKROOT = iphoneos;
				SWIFT_ACTIVE_COMPILATION_CONDITIONS = DEBUG;
				SWIFT_OPTIMIZATION_LEVEL = "-Onone";
			};
			name = Debug;
		};
		207681E81FE94175006ACFC3 /* Release */ = {
			isa = XCBuildConfiguration;
			buildSettings = {
				ALWAYS_SEARCH_USER_PATHS = NO;
				CLANG_ANALYZER_NONNULL = YES;
				CLANG_ANALYZER_NUMBER_OBJECT_CONVERSION = YES_AGGRESSIVE;
				CLANG_CXX_LANGUAGE_STANDARD = "gnu++14";
				CLANG_CXX_LIBRARY = "libc++";
				CLANG_ENABLE_MODULES = YES;
				CLANG_ENABLE_OBJC_ARC = YES;
				CLANG_WARN_BLOCK_CAPTURE_AUTORELEASING = YES;
				CLANG_WARN_BOOL_CONVERSION = YES;
				CLANG_WARN_COMMA = YES;
				CLANG_WARN_CONSTANT_CONVERSION = YES;
				CLANG_WARN_DEPRECATED_OBJC_IMPLEMENTATIONS = YES;
				CLANG_WARN_DIRECT_OBJC_ISA_USAGE = YES_ERROR;
				CLANG_WARN_DOCUMENTATION_COMMENTS = YES;
				CLANG_WARN_EMPTY_BODY = YES;
				CLANG_WARN_ENUM_CONVERSION = YES;
				CLANG_WARN_INFINITE_RECURSION = YES;
				CLANG_WARN_INT_CONVERSION = YES;
				CLANG_WARN_NON_LITERAL_NULL_CONVERSION = YES;
				CLANG_WARN_OBJC_IMPLICIT_RETAIN_SELF = YES;
				CLANG_WARN_OBJC_LITERAL_CONVERSION = YES;
				CLANG_WARN_OBJC_ROOT_CLASS = YES_ERROR;
				CLANG_WARN_QUOTED_INCLUDE_IN_FRAMEWORK_HEADER = YES;
				CLANG_WARN_RANGE_LOOP_ANALYSIS = YES;
				CLANG_WARN_STRICT_PROTOTYPES = YES;
				CLANG_WARN_SUSPICIOUS_MOVE = YES;
				CLANG_WARN_UNGUARDED_AVAILABILITY = YES_AGGRESSIVE;
				CLANG_WARN_UNREACHABLE_CODE = YES;
				CLANG_WARN__DUPLICATE_METHOD_MATCH = YES;
				CODE_SIGN_IDENTITY = "iPhone Developer";
				COPY_PHASE_STRIP = NO;
				DEBUG_INFORMATION_FORMAT = "dwarf-with-dsym";
				ENABLE_NS_ASSERTIONS = NO;
				ENABLE_STRICT_OBJC_MSGSEND = YES;
				GCC_C_LANGUAGE_STANDARD = gnu11;
				GCC_NO_COMMON_BLOCKS = YES;
				GCC_WARN_64_TO_32_BIT_CONVERSION = YES;
				GCC_WARN_ABOUT_RETURN_TYPE = YES_ERROR;
				GCC_WARN_UNDECLARED_SELECTOR = YES;
				GCC_WARN_UNINITIALIZED_AUTOS = YES_AGGRESSIVE;
				GCC_WARN_UNUSED_FUNCTION = YES;
				GCC_WARN_UNUSED_VARIABLE = YES;
				IPHONEOS_DEPLOYMENT_TARGET = 12.0;
				MTL_ENABLE_DEBUG_INFO = NO;
				SDKROOT = iphoneos;
				SWIFT_OPTIMIZATION_LEVEL = "-Owholemodule";
				VALIDATE_PRODUCT = NO;
			};
			name = Release;
		};
		207681EA1FE94175006ACFC3 /* Debug */ = {
			isa = XCBuildConfiguration;
			buildSettings = {
				ALWAYS_EMBED_SWIFT_STANDARD_LIBRARIES = YES;
				ASSETCATALOG_COMPILER_APPICON_NAME = AppIcon;
				CODE_SIGN_STYLE = Automatic;
				DEBUG_INFORMATION_FORMAT = "dwarf-with-dsym";
				DEVELOPMENT_TEAM = H9MMTT395U;
				INFOPLIST_FILE = Skillsgen/Info.plist;
				LD_RUNPATH_SEARCH_PATHS = "$(inherited) @executable_path/Frameworks";
				PRODUCT_BUNDLE_IDENTIFIER = SkillsgenAdminApp;
				PRODUCT_NAME = "$(TARGET_NAME)";
				SWIFT_VERSION = 5.0;
				TARGETED_DEVICE_FAMILY = 1;
			};
			name = Debug;
		};
		207681EB1FE94175006ACFC3 /* Release */ = {
			isa = XCBuildConfiguration;
			buildSettings = {
				ALWAYS_EMBED_SWIFT_STANDARD_LIBRARIES = YES;
				ASSETCATALOG_COMPILER_APPICON_NAME = AppIcon;
				CODE_SIGN_STYLE = Automatic;
				DEBUG_INFORMATION_FORMAT = dwarf;
				DEVELOPMENT_TEAM = H9MMTT395U;
				GCC_GENERATE_DEBUGGING_SYMBOLS = NO;
				INFOPLIST_FILE = Skillsgen/Info.plist;
				LD_RUNPATH_SEARCH_PATHS = "$(inherited) @executable_path/Frameworks";
				PRODUCT_BUNDLE_IDENTIFIER = SkillsgenAdminApp;
				PRODUCT_NAME = "$(TARGET_NAME)";
				SWIFT_VERSION = 5.0;
				TARGETED_DEVICE_FAMILY = 1;
			};
			name = Release;
		};
/* End XCBuildConfiguration section */

/* Begin XCConfigurationList section */
		207681D21FE94175006ACFC3 /* Build configuration list for PBXProject "Skillsgen" */ = {
			isa = XCConfigurationList;
			buildConfigurations = (
				207681E71FE94175006ACFC3 /* Debug */,
				207681E81FE94175006ACFC3 /* Release */,
			);
			defaultConfigurationIsVisible = 0;
			defaultConfigurationName = Debug;
		};
		207681E91FE94175006ACFC3 /* Build configuration list for PBXNativeTarget "Skillsgen" */ = {
			isa = XCConfigurationList;
			buildConfigurations = (
				207681EA1FE94175006ACFC3 /* Debug */,
				207681EB1FE94175006ACFC3 /* Release */,
			);
			defaultConfigurationIsVisible = 0;
			defaultConfigurationName = Debug;
		};
/* End XCConfigurationList section */
	};
	rootObject = 207681CF1FE94175006ACFC3 /* Project object */;
}
